
Microsoft Visual Studio Solution File, Format Version 12.00
# Visual Studio Version 16
VisualStudioVersion = 16.0.810.23
MinimumVisualStudioVersion = 10.0.40219.1
Project("{9A19103F-16F7-4668-BE54-9A1E7A4F7556}") = "Application", "Application\Application.csproj", "{563681CD-22F9-42D0-B0E5-CDFADE6AE702}"
EndProject
Project("{9A19103F-16F7-4668-BE54-9A1E7A4F7556}") = "Domain", "Domain\Domain.csproj", "{404FC93B-C332-4F0F-9FAB-08ED18DBEDC7}"
EndProject
Project("{9A19103F-16F7-4668-BE54-9A1E7A4F7556}") = "UnitTests.Domain", "UnitTests.Domain\UnitTests.Domain.csproj", "{F6532654-C597-4363-B674-2BD85E1C4C52}"
EndProject
Project("{9A19103F-16F7-4668-BE54-9A1E7A4F7556}") = "UnitTests.Application", "UnitTests.Application\UnitTests.Application.csproj", "{9D8716FA-95E1-475E-927D-418A02F2B0FB}"
EndProject
Project("{9A19103F-16F7-4668-BE54-9A1E7A4F7556}") = "API", "API\API.csproj", "{34370245-1E82-4FE1-B015-11B817302C07}"
EndProject
Project("{FAE04EC0-301F-11D3-BF4B-00C04F79EFBC}") = "DAL", "DAL\DAL.csproj", "{DC06BB29-5297-4D1E-AAE1-C1FB13E4A782}"
EndProject
Project("{FAE04EC0-301F-11D3-BF4B-00C04F79EFBC}") = "Library.API", "Library.API\Library.API.csproj", "{AF7D979A-88DB-4EF0-A644-A7C724B911CC}"
EndProject
Global
	GlobalSection(SolutionConfigurationPlatforms) = preSolution
		Debug|Any CPU = Debug|Any CPU
		Release|Any CPU = Release|Any CPU
	EndGlobalSection
	GlobalSection(ProjectConfigurationPlatforms) = postSolution
		{563681CD-22F9-42D0-B0E5-CDFADE6AE702}.Debug|Any CPU.ActiveCfg = Debug|Any CPU
		{563681CD-22F9-42D0-B0E5-CDFADE6AE702}.Debug|Any CPU.Build.0 = Debug|Any CPU
		{563681CD-22F9-42D0-B0E5-CDFADE6AE702}.Release|Any CPU.ActiveCfg = Release|Any CPU
		{563681CD-22F9-42D0-B0E5-CDFADE6AE702}.Release|Any CPU.Build.0 = Release|Any CPU
		{404FC93B-C332-4F0F-9FAB-08ED18DBEDC7}.Debug|Any CPU.ActiveCfg = Debug|Any CPU
		{404FC93B-C332-4F0F-9FAB-08ED18DBEDC7}.Debug|Any CPU.Build.0 = Debug|Any CPU
		{404FC93B-C332-4F0F-9FAB-08ED18DBEDC7}.Release|Any CPU.ActiveCfg = Release|Any CPU
		{404FC93B-C332-4F0F-9FAB-08ED18DBEDC7}.Release|Any CPU.Build.0 = Release|Any CPU
		{F6532654-C597-4363-B674-2BD85E1C4C52}.Debug|Any CPU.ActiveCfg = Debug|Any CPU
		{F6532654-C597-4363-B674-2BD85E1C4C52}.Debug|Any CPU.Build.0 = Debug|Any CPU
		{F6532654-C597-4363-B674-2BD85E1C4C52}.Release|Any CPU.ActiveCfg = Release|Any CPU
		{F6532654-C597-4363-B674-2BD85E1C4C52}.Release|Any CPU.Build.0 = Release|Any CPU
		{9D8716FA-95E1-475E-927D-418A02F2B0FB}.Debug|Any CPU.ActiveCfg = Debug|Any CPU
		{9D8716FA-95E1-475E-927D-418A02F2B0FB}.Debug|Any CPU.Build.0 = Debug|Any CPU
		{9D8716FA-95E1-475E-927D-418A02F2B0FB}.Release|Any CPU.ActiveCfg = Release|Any CPU
		{9D8716FA-95E1-475E-927D-418A02F2B0FB}.Release|Any CPU.Build.0 = Release|Any CPU
		{34370245-1E82-4FE1-B015-11B817302C07}.Debug|Any CPU.ActiveCfg = Debug|Any CPU
		{34370245-1E82-4FE1-B015-11B817302C07}.Debug|Any CPU.Build.0 = Debug|Any CPU
		{34370245-1E82-4FE1-B015-11B817302C07}.Release|Any CPU.ActiveCfg = Release|Any CPU
		{34370245-1E82-4FE1-B015-11B817302C07}.Release|Any CPU.Build.0 = Release|Any CPU
		{DC06BB29-5297-4D1E-AAE1-C1FB13E4A782}.Debug|Any CPU.ActiveCfg = Debug|Any CPU
		{DC06BB29-5297-4D1E-AAE1-C1FB13E4A782}.Debug|Any CPU.Build.0 = Debug|Any CPU
		{DC06BB29-5297-4D1E-AAE1-C1FB13E4A782}.Release|Any CPU.ActiveCfg = Release|Any CPU
		{DC06BB29-5297-4D1E-AAE1-C1FB13E4A782}.Release|Any CPU.Build.0 = Release|Any CPU
		{AF7D979A-88DB-4EF0-A644-A7C724B911CC}.Debug|Any CPU.ActiveCfg = Debug|Any CPU
		{AF7D979A-88DB-4EF0-A644-A7C724B911CC}.Debug|Any CPU.Build.0 = Debug|Any CPU
		{AF7D979A-88DB-4EF0-A644-A7C724B911CC}.Release|Any CPU.ActiveCfg = Release|Any CPU
		{AF7D979A-88DB-4EF0-A644-A7C724B911CC}.Release|Any CPU.Build.0 = Release|Any CPU
	EndGlobalSection
	GlobalSection(SolutionProperties) = preSolution
		HideSolutionNode = FALSE
	EndGlobalSection
	GlobalSection(ExtensibilityGlobals) = postSolution
		SolutionGuid = {4DA6D560-144D-4088-828A-3C411EC870F1}
	EndGlobalSection
EndGlobal
